
Microsoft Visual Studio Solution File, Format Version 12.00
# Visual Studio 14
VisualStudioVersion = 14.0.25123.0
MinimumVisualStudioVersion = 10.0.40219.1
Project("{FAE04EC0-301F-11D3-BF4B-00C04F79EFBC}") = "EquationToCanonical", "EquationToCanonical.csproj", "{BE08E064-610B-4742-B6CF-D4BE0560AAC0}"
EndProject
Project("{FAE04EC0-301F-11D3-BF4B-00C04F79EFBC}") = "TestProject", "..\TestProject\TestProject.csproj", "{100F866D-C311-479E-B4F3-33E296177AB5}"
EndProject
Global
	GlobalSection(SolutionConfigurationPlatforms) = preSolution
		Debug|Any CPU = Debug|Any CPU
		Release|Any CPU = Release|Any CPU
	EndGlobalSection
	GlobalSection(ProjectConfigurationPlatforms) = postSolution
		{BE08E064-610B-4742-B6CF-D4BE0560AAC0}.Debug|Any CPU.ActiveCfg = Debug|Any CPU
		{BE08E064-610B-4742-B6CF-D4BE0560AAC0}.Debug|Any CPU.Build.0 = Debug|Any CPU
		{BE08E064-610B-4742-B6CF-D4BE0560AAC0}.Release|Any CPU.ActiveCfg = Release|Any CPU
		{BE08E064-610B-4742-B6CF-D4BE0560AAC0}.Release|Any CPU.Build.0 = Release|Any CPU
		{100F866D-C311-479E-B4F3-33E296177AB5}.Debug|Any CPU.ActiveCfg = Debug|Any CPU
		{100F866D-C311-479E-B4F3-33E296177AB5}.Debug|Any CPU.Build.0 = Debug|Any CPU
		{100F866D-C311-479E-B4F3-33E296177AB5}.Release|Any CPU.ActiveCfg = Release|Any CPU
		{100F866D-C311-479E-B4F3-33E296177AB5}.Release|Any CPU.Build.0 = Release|Any CPU
	EndGlobalSection
	GlobalSection(SolutionProperties) = preSolution
		HideSolutionNode = FALSE
	EndGlobalSection
EndGlobal
